{
  "nodes": {
    "darwin": {
      "inputs": {
        "nixpkgs": [
          "nixpkgs"
        ]
      },
      "locked": {
        "lastModified": 1757015938,
        "narHash": "sha256-1qBXNK/QxEjCqIoA2DxWn5gqM8rVxt+OxKodXu1GLTY=",
        "owner": "lnl7",
        "repo": "nix-darwin",
        "rev": "eaacfa1101b84225491d2ceae9549366d74dc214",
        "type": "github"
      },
      "original": {
        "owner": "lnl7",
        "ref": "master",
        "repo": "nix-darwin",
        "type": "github"
      }
    },
    "fish-plugin-bang-bang": {
      "flake": false,
      "locked": {
        "lastModified": 1690139185,
        "narHash": "sha256-oPPCtFN2DPuM//c48SXb4TrFRjJtccg0YPXcAo0Lxq0=",
        "owner": "oh-my-fish",
        "repo": "plugin-bang-bang",
        "rev": "ec991b80ba7d4dda7a962167b036efc5c2d79419",
        "type": "github"
      },
      "original": {
        "owner": "oh-my-fish",
        "repo": "plugin-bang-bang",
        "type": "github"
      }
    },
    "fish-plugin-direnv": {
      "flake": false,
      "locked": {
        "lastModified": 1613331528,
        "narHash": "sha256-50tMKwtXtJBpgZ42JfJKyIWgusu4xZ9/yCiGKDfqyhE=",
        "owner": "oh-my-fish",
        "repo": "plugin-direnv",
        "rev": "0221a4d9080b5f492f1b56ff7b2dc6287f58d47f",
        "type": "github"
      },
      "original": {
        "owner": "oh-my-fish",
        "repo": "plugin-direnv",
        "type": "github"
      }
    },
    "fish-plugin-foreign-env": {
      "flake": false,
      "locked": {
        "lastModified": 1692819433,
        "narHash": "sha256-4+k5rSoxkTtYFh/lEjhRkVYa2S4KEzJ/IJbyJl+rJjQ=",
        "owner": "oh-my-fish",
        "repo": "plugin-foreign-env",
        "rev": "7f0cf099ae1e1e4ab38f46350ed6757d54471de7",
        "type": "github"
      },
      "original": {
        "owner": "oh-my-fish",
        "repo": "plugin-foreign-env",
        "type": "github"
      }
    },
    "fish-plugin-theme-solarfish": {
      "flake": false,
      "locked": {
        "lastModified": 1754733174,
        "narHash": "sha256-QgxjuVx5DjKnWZSD2f4OE3g5w3BmlcDeiugs98DIWjY=",
        "owner": "schrenker",
        "repo": "solarfish",
        "rev": "93a2e7386a6169668a53f73bdad696bfd42bd13e",
        "type": "github"
      },
      "original": {
        "owner": "schrenker",
        "repo": "solarfish",
        "type": "github"
      }
    },
    "fish-plugin-z": {
      "flake": false,
      "locked": {
        "lastModified": 1739459792,
        "narHash": "sha256-emmjTsqt8bdI5qpx1bAzhVACkg0MNB/uffaRjjeuFxU=",
        "owner": "jethrokuan",
        "repo": "z",
        "rev": "067e867debee59aee231e789fc4631f80fa5788e",
        "type": "github"
      },
      "original": {
        "owner": "jethrokuan",
        "repo": "z",
        "type": "github"
      }
    },
    "flake-parts": {
      "inputs": {
        "nixpkgs-lib": "nixpkgs-lib"
      },
      "locked": {
        "lastModified": 1756770412,
        "narHash": "sha256-+uWLQZccFHwqpGqr2Yt5VsW/PbeJVTn9Dk6SHWhNRPw=",
        "owner": "hercules-ci",
        "repo": "flake-parts",
        "rev": "4524271976b625a4a605beefd893f270620fd751",
        "type": "github"
      },
      "original": {
        "owner": "hercules-ci",
        "repo": "flake-parts",
        "type": "github"
      }
    },
    "home-manager": {
      "inputs": {
        "nixpkgs": [
          "nixpkgs"
        ]
      },
      "locked": {
        "lastModified": 1757075491,
        "narHash": "sha256-a+NMGl5tcvm+hyfSG2DlVPa8nZLpsumuRj1FfcKb2mQ=",
        "owner": "nix-community",
        "repo": "home-manager",
        "rev": "f56bf065f9abedc7bc15e1f2454aa5c8edabaacf",
        "type": "github"
      },
      "original": {
        "owner": "nix-community",
        "repo": "home-manager",
        "type": "github"
      }
    },
    "nil": {
      "inputs": {
        "nixpkgs": [
          "nixpkgs"
        ]
      },
      "locked": {
        "lastModified": 1754679101,
        "narHash": "sha256-nFK2XhrDS5igmkDQWmyTcgiJsEr3KOcR31DaSy+Fy9s=",
        "owner": "oxalica",
        "repo": "nil",
        "rev": "f80fe365cb441624d1608235e6e793e5dce47fb0",
        "type": "github"
      },
      "original": {
        "owner": "oxalica",
        "repo": "nil",
        "type": "github"
      }
    },
    "nixpkgs": {
      "locked": {
        "lastModified": 1756911493,
        "narHash": "sha256-6n/n1GZQ/vi+LhFXMSyoseKdNfc2QQaSBXJdgamrbkE=",
        "owner": "nixos",
        "repo": "nixpkgs",
        "rev": "c6a788f552b7b7af703b1a29802a7233c0067908",
        "type": "github"
      },
      "original": {
        "owner": "nixos",
        "ref": "nixpkgs-unstable",
        "repo": "nixpkgs",
        "type": "github"
      }
    },
    "nixpkgs-lib": {
      "locked": {
        "lastModified": 1754788789,
        "narHash": "sha256-x2rJ+Ovzq0sCMpgfgGaaqgBSwY+LST+WbZ6TytnT9Rk=",
        "owner": "nix-community",
        "repo": "nixpkgs.lib",
        "rev": "a73b9c743612e4244d865a2fdee11865283c04e6",
        "type": "github"
      },
      "original": {
        "owner": "nix-community",
        "repo": "nixpkgs.lib",
        "type": "github"
      }
    },
    "root": {
      "inputs": {
        "darwin": "darwin",
        "fish-plugin-bang-bang": "fish-plugin-bang-bang",
        "fish-plugin-direnv": "fish-plugin-direnv",
        "fish-plugin-foreign-env": "fish-plugin-foreign-env",
        "fish-plugin-theme-solarfish": "fish-plugin-theme-solarfish",
        "fish-plugin-z": "fish-plugin-z",
        "flake-parts": "flake-parts",
        "home-manager": "home-manager",
        "nil": "nil",
        "nixpkgs": "nixpkgs"
      }
    }
  },
  "root": "root",
  "version": 7
}
