{
  "nodes": {
    "darwin": {
      "inputs": {
        "nixpkgs": [
          "nixpkgs"
        ]
      },
      "locked": {
        "lastModified": 1704277720,
        "narHash": "sha256-meAKNgmh3goankLGWqqpw73pm9IvXjEENJloF0coskE=",
        "owner": "lnl7",
        "repo": "nix-darwin",
        "rev": "0dd382b70c351f528561f71a0a7df82c9d2be9a4",
        "type": "github"
      },
      "original": {
        "owner": "lnl7",
        "ref": "master",
        "repo": "nix-darwin",
        "type": "github"
      }
    },
    "fish-plugin-bang-bang": {
      "flake": false,
      "locked": {
        "lastModified": 1690139185,
        "narHash": "sha256-oPPCtFN2DPuM//c48SXb4TrFRjJtccg0YPXcAo0Lxq0=",
        "owner": "oh-my-fish",
        "repo": "plugin-bang-bang",
        "rev": "ec991b80ba7d4dda7a962167b036efc5c2d79419",
        "type": "github"
      },
      "original": {
        "owner": "oh-my-fish",
        "repo": "plugin-bang-bang",
        "type": "github"
      }
    },
    "fish-plugin-direnv": {
      "flake": false,
      "locked": {
        "lastModified": 1613331528,
        "narHash": "sha256-50tMKwtXtJBpgZ42JfJKyIWgusu4xZ9/yCiGKDfqyhE=",
        "owner": "oh-my-fish",
        "repo": "plugin-direnv",
        "rev": "0221a4d9080b5f492f1b56ff7b2dc6287f58d47f",
        "type": "github"
      },
      "original": {
        "owner": "oh-my-fish",
        "repo": "plugin-direnv",
        "type": "github"
      }
    },
    "fish-plugin-foreign-env": {
      "flake": false,
      "locked": {
        "lastModified": 1692819433,
        "narHash": "sha256-4+k5rSoxkTtYFh/lEjhRkVYa2S4KEzJ/IJbyJl+rJjQ=",
        "owner": "oh-my-fish",
        "repo": "plugin-foreign-env",
        "rev": "7f0cf099ae1e1e4ab38f46350ed6757d54471de7",
        "type": "github"
      },
      "original": {
        "owner": "oh-my-fish",
        "repo": "plugin-foreign-env",
        "type": "github"
      }
    },
    "fish-plugin-theme-solarfish": {
      "flake": false,
      "locked": {
        "lastModified": 1703906850,
        "narHash": "sha256-B/sio6NqYBUcqpHvbkd1rTG5jonBa4drB2AK9aHmdiI=",
        "owner": "thesilican",
        "repo": "theme-solarfish",
        "rev": "368541eefd5193f020f535bd663580e41f4c3449",
        "type": "github"
      },
      "original": {
        "owner": "thesilican",
        "repo": "theme-solarfish",
        "type": "github"
      }
    },
    "fish-plugin-z": {
      "flake": false,
      "locked": {
        "lastModified": 1649439817,
        "narHash": "sha256-+FUBM7CodtZrYKqU542fQD+ZDGrd2438trKM0tIESs0=",
        "owner": "jethrokuan",
        "repo": "z",
        "rev": "85f863f20f24faf675827fb00f3a4e15c7838d76",
        "type": "github"
      },
      "original": {
        "owner": "jethrokuan",
        "repo": "z",
        "type": "github"
      }
    },
    "flake-utils": {
      "inputs": {
        "systems": "systems"
      },
      "locked": {
        "lastModified": 1701680307,
        "narHash": "sha256-kAuep2h5ajznlPMD9rnQyffWG8EM/C73lejGofXvdM8=",
        "owner": "numtide",
        "repo": "flake-utils",
        "rev": "4022d587cbbfd70fe950c1e2083a02621806a725",
        "type": "github"
      },
      "original": {
        "owner": "numtide",
        "repo": "flake-utils",
        "type": "github"
      }
    },
    "home-manager": {
      "inputs": {
        "nixpkgs": [
          "nixpkgs"
        ]
      },
      "locked": {
        "lastModified": 1705104164,
        "narHash": "sha256-pllCu3Hcm1wP/B0SUxgUXvHeEd4w8s2aVrEQRdIL1yo=",
        "owner": "nix-community",
        "repo": "home-manager",
        "rev": "0912d26b30332ae6a90e1b321ff88e80492127dd",
        "type": "github"
      },
      "original": {
        "owner": "nix-community",
        "repo": "home-manager",
        "type": "github"
      }
    },
    "nil": {
      "inputs": {
        "flake-utils": "flake-utils",
        "nixpkgs": [
          "nixpkgs"
        ],
        "rust-overlay": "rust-overlay"
      },
      "locked": {
        "lastModified": 1704611696,
        "narHash": "sha256-4ZCgV5oHdEc3q+XaIzy//gh20uC/aSuAtMU9bsfgLZk=",
        "owner": "oxalica",
        "repo": "nil",
        "rev": "059d33a24bb76d2048740bcce936362bf54b5bc9",
        "type": "github"
      },
      "original": {
        "owner": "oxalica",
        "repo": "nil",
        "type": "github"
      }
    },
    "nixpkgs": {
      "locked": {
        "lastModified": 1704842529,
        "narHash": "sha256-OTeQA+F8d/Evad33JMfuXC89VMetQbsU4qcaePchGr4=",
        "owner": "nixos",
        "repo": "nixpkgs",
        "rev": "eabe8d3eface69f5bb16c18f8662a702f50c20d5",
        "type": "github"
      },
      "original": {
        "owner": "nixos",
        "ref": "nixpkgs-unstable",
        "repo": "nixpkgs",
        "type": "github"
      }
    },
    "root": {
      "inputs": {
        "darwin": "darwin",
        "fish-plugin-bang-bang": "fish-plugin-bang-bang",
        "fish-plugin-direnv": "fish-plugin-direnv",
        "fish-plugin-foreign-env": "fish-plugin-foreign-env",
        "fish-plugin-theme-solarfish": "fish-plugin-theme-solarfish",
        "fish-plugin-z": "fish-plugin-z",
        "home-manager": "home-manager",
        "nil": "nil",
        "nixpkgs": "nixpkgs"
      }
    },
    "rust-overlay": {
      "inputs": {
        "flake-utils": [
          "nil",
          "flake-utils"
        ],
        "nixpkgs": [
          "nil",
          "nixpkgs"
        ]
      },
      "locked": {
        "lastModified": 1704593904,
        "narHash": "sha256-nDoXZDTRdgF3b4n3m011y99nYFewvOl9UpzFvP8Rb3c=",
        "owner": "oxalica",
        "repo": "rust-overlay",
        "rev": "c36fd70a99decfa6e110c86f296a97613034a680",
        "type": "github"
      },
      "original": {
        "owner": "oxalica",
        "repo": "rust-overlay",
        "type": "github"
      }
    },
    "systems": {
      "locked": {
        "lastModified": 1681028828,
        "narHash": "sha256-Vy1rq5AaRuLzOxct8nz4T6wlgyUR7zLU309k9mBC768=",
        "owner": "nix-systems",
        "repo": "default",
        "rev": "da67096a3b9bf56a91d16901293e51ba5b49a27e",
        "type": "github"
      },
      "original": {
        "owner": "nix-systems",
        "repo": "default",
        "type": "github"
      }
    }
  },
  "root": "root",
  "version": 7
}
